
Microsoft Visual Studio Solution File, Format Version 12.00
# Visual Studio Version 16
VisualStudioVersion = 16.0.30804.86
MinimumVisualStudioVersion = 10.0.40219.1
Project("{FAE04EC0-301F-11D3-BF4B-00C04F79EFBC}") = "AzureRedisProg", "AzureRedisProg\AzureRedisProg.csproj", "{E501FA56-BB8F-4408-8C69-CC896431DF41}"
EndProject
Project("{2150E333-8FDC-42A3-9474-1A3956D46DE8}") = "Solution Items", "Solution Items", "{D6D5FC1B-2B87-4936-8D35-28E4A20E1A62}"
EndProject
Global
	GlobalSection(SolutionConfigurationPlatforms) = preSolution
		Debug|Any CPU = Debug|Any CPU
		Release|Any CPU = Release|Any CPU
	EndGlobalSection
	GlobalSection(ProjectConfigurationPlatforms) = postSolution
		{E501FA56-BB8F-4408-8C69-CC896431DF41}.Debug|Any CPU.ActiveCfg = Debug|Any CPU
		{E501FA56-BB8F-4408-8C69-CC896431DF41}.Debug|Any CPU.Build.0 = Debug|Any CPU
		{E501FA56-BB8F-4408-8C69-CC896431DF41}.Release|Any CPU.ActiveCfg = Release|Any CPU
		{E501FA56-BB8F-4408-8C69-CC896431DF41}.Release|Any CPU.Build.0 = Release|Any CPU
	EndGlobalSection
	GlobalSection(SolutionProperties) = preSolution
		HideSolutionNode = FALSE
	EndGlobalSection
	GlobalSection(ExtensibilityGlobals) = postSolution
		SolutionGuid = {2BD59161-3DFD-4A41-BFF4-CA299E4AECFD}
	EndGlobalSection
EndGlobal
